github.com/google/uuid v1.4.0 h1:MtMxsa51/r9yyhkyLsVeVt0B+BGQZzpQiTQ4eHZ8bc4=
github.com/google/uuid v1.4.0/go.mod h1:TIyPZe4MgqvfeYDBFedMoGGpEw/LqOeaOT+nhxU+yHo=
github.com/graph-gophers/dataloader/v7 v7.1.0 h1:Wn8HGF/q7MNXcvfaBnLEPEFJttVHR8zuEqP1obys/oc=
github.com/graph-gophers/dataloader/v7 v7.1.0/go.mod h1:1bKE0Dm6OUcTB/OAuYVOZctgIz7Q3d0XrYtlIzTgg6Q=
